# This file is autogenerated, do not edit; changes may be undone by the next 'dep ensure'.


[[projects]]
  branch = "master"
  digest = "1:c2d470e363e425868980312c9b18d7a7c9afcf4e9e6fd5b0b8056c554c147019"
  name = "github.com/bitwurx/jrpc2"
  packages = ["."]
  pruneopts = "UT"
  revision = "3e97fc5ded7e902fd474946024541e0c2bcee62e"

[[projects]]
  digest = "1:ffe9824d294da03b391f44e1ae8281281b4afc1bdaa9588c9097785e3af10cec"
  name = "github.com/davecgh/go-spew"
  packages = ["spew"]
  pruneopts = "UT"
  revision = "8991bc29aa16c548c550c7ff78260e27b9ab7c73"
  version = "v1.1.1"

[[projects]]
  digest = "1:76dc72490af7174349349838f2fe118996381b31ea83243812a97e5a0fd5ed55"
  name = "github.com/dgrijalva/jwt-go"
  packages = ["."]
  pruneopts = "UT"
  revision = "06ea1031745cb8b3dab3f6a236daf2b0aa468b7e"
  version = "v3.2.0"

[[projects]]
  branch = "master"
  digest = "1:454a5ce01edf5d532aa5b24993de6e0410494192f87f9e7c1e77c0b2472c3c71"
  name = "github.com/factorysh/go-longrun"
  packages = [
    "longrun",
    "run",
  ]
  pruneopts = "UT"
  revision = "87af828976089c3e6745b72a4ad7be0ee9db1e3d"

[[projects]]
  digest = "1:582b704bebaa06b48c29b0cec224a6058a09c86883aaddabde889cd1a5f73e1b"
  name = "github.com/google/uuid"
  packages = ["."]
  pruneopts = "UT"
  revision = "0cd6bf5da1e1c83f8b45653022c74f71af0538a4"
  version = "v1.1.1"

[[projects]]
  digest = "1:0028cb19b2e4c3112225cd871870f2d9cf49b9b4276531f03438a88e94be86fe"
  name = "github.com/pmezard/go-difflib"
  packages = ["difflib"]
  pruneopts = "UT"
  revision = "792786c7400a136282c1664665ae0a8db921c6c2"
  version = "v1.0.0"

[[projects]]
  digest = "1:972c2427413d41a1e06ca4897e8528e5a1622894050e2f527b38ddf0f343f759"
  name = "github.com/stretchr/testify"
  packages = ["assert"]
  pruneopts = "UT"
  revision = "ffdc059bfe9ce6a4e144ba849dbedead332c6053"
  version = "v1.3.0"

[[projects]]
  branch = "master"
  digest = "1:2200beec8adceafc46e8fe4c5c6fd922dd0858fc81e29edafa088dc1cdcde639"
  name = "github.com/t94j0/array"
  packages = ["."]
  pruneopts = "UT"
  revision = "68930562a6bd96944103bb7ab828e128304a0a1f"

[[projects]]
  branch = "master"
  digest = "1:08917b7be5c743fcbc2d2556519b436eccd5245f04fb4566c79c2c99c27228ba"
  name = "github.com/t94j0/nmap"
  packages = ["."]
  pruneopts = "UT"
  revision = "96d772f8fd992d13500a7fa0261b7b97ed9ac310"

[[projects]]
  branch = "master"
  digest = "1:382bb5a7fb4034db3b6a2d19e5a4a6bcf52f4750530603c01ca18a172fa3089b"
  name = "golang.org/x/sync"
  packages = ["semaphore"]
  pruneopts = "UT"
  revision = "112230192c580c3556b8cee6403af37a4fc5f28c"

[solve-meta]
  analyzer-name = "dep"
  analyzer-version = 1
  input-imports = [
    "github.com/bitwurx/jrpc2",
    "github.com/davecgh/go-spew/spew",
    "github.com/dgrijalva/jwt-go",
    "github.com/factorysh/go-longrun/longrun",
    "github.com/factorysh/go-longrun/run",
    "github.com/google/uuid",
    "github.com/stretchr/testify/assert",
    "github.com/t94j0/nmap",
    "golang.org/x/sync/semaphore",
  ]
  solver-name = "gps-cdcl"
  solver-version = 1
