# This file is autogenerated, do not edit; changes may be undone by the next 'dep ensure'.


[[projects]]
  branch = "master"
  digest = "1:d970e39c70395d49d6fd589b1bed10ff15adbe3fecc9a1c1dbd40b4c9ee6ab44"
  name = "github.com/bitwurx/jrpc2"
  packages = ["."]
  pruneopts = "UT"
  revision = "f8dbe27c3d7f3847776c1998cd6cab7d1f8e8acf"

[[projects]]
  branch = "master"
  digest = "1:749d6802850d8d52c90049360c56ee8d032e5535a45ed3bf84dbed009d1673bb"
  name = "github.com/factorysh/go-longrun"
  packages = [
    "longrun",
    "run",
  ]
  pruneopts = "UT"
  revision = "769b9463b952e3eabb0f4efd300d28b4f8ce16d0"

[[projects]]
  digest = "1:582b704bebaa06b48c29b0cec224a6058a09c86883aaddabde889cd1a5f73e1b"
  name = "github.com/google/uuid"
  packages = ["."]
  pruneopts = "UT"
  revision = "0cd6bf5da1e1c83f8b45653022c74f71af0538a4"
  version = "v1.1.1"

[[projects]]
  branch = "master"
  digest = "1:2200beec8adceafc46e8fe4c5c6fd922dd0858fc81e29edafa088dc1cdcde639"
  name = "github.com/t94j0/array"
  packages = ["."]
  pruneopts = "UT"
  revision = "68930562a6bd96944103bb7ab828e128304a0a1f"

[[projects]]
  branch = "master"
  digest = "1:ef91fa5d38a6397faf0885d9aef6ffec6d9cffabc60d676980549e3e096c1026"
  name = "github.com/t94j0/nmap"
  packages = ["."]
  pruneopts = "UT"
  revision = "17cccc8c97395c96a060c8ea0d272df4c1af2870"

[solve-meta]
  analyzer-name = "dep"
  analyzer-version = 1
  input-imports = [
    "github.com/bitwurx/jrpc2",
    "github.com/factorysh/go-longrun/longrun",
    "github.com/t94j0/nmap",
  ]
  solver-name = "gps-cdcl"
  solver-version = 1
